
Microsoft Visual Studio Solution File, Format Version 12.00
# Visual Studio 14
VisualStudioVersion = 14.0.24720.0
MinimumVisualStudioVersion = 10.0.40219.1
Project("{FAE04EC0-301F-11D3-BF4B-00C04F79EFBC}") = "CustomDiscordClient", "CustomDiscordClient\CustomDiscordClient.csproj", "{A346587F-457B-4822-A05D-ABF87890C1B8}"
EndProject
Project("{FAE04EC0-301F-11D3-BF4B-00C04F79EFBC}") = "DiscordSharp", "DiscordSharp\DiscordSharp\DiscordSharp.csproj", "{A96FFE9E-3650-4976-872E-5BB336CC1589}"
EndProject
Global
	GlobalSection(SolutionConfigurationPlatforms) = preSolution
		Debug|Any CPU = Debug|Any CPU
		Debug|Unix = Debug|Unix
		Release|Any CPU = Release|Any CPU
		Release|Unix = Release|Unix
	EndGlobalSection
	GlobalSection(ProjectConfigurationPlatforms) = postSolution
		{A346587F-457B-4822-A05D-ABF87890C1B8}.Debug|Any CPU.ActiveCfg = Debug|Any CPU
		{A346587F-457B-4822-A05D-ABF87890C1B8}.Debug|Any CPU.Build.0 = Debug|Any CPU
		{A346587F-457B-4822-A05D-ABF87890C1B8}.Debug|Unix.ActiveCfg = Debug|Any CPU
		{A346587F-457B-4822-A05D-ABF87890C1B8}.Debug|Unix.Build.0 = Debug|Any CPU
		{A346587F-457B-4822-A05D-ABF87890C1B8}.Release|Any CPU.ActiveCfg = Release|Any CPU
		{A346587F-457B-4822-A05D-ABF87890C1B8}.Release|Any CPU.Build.0 = Release|Any CPU
		{A346587F-457B-4822-A05D-ABF87890C1B8}.Release|Unix.ActiveCfg = Release|Any CPU
		{A346587F-457B-4822-A05D-ABF87890C1B8}.Release|Unix.Build.0 = Release|Any CPU
		{A96FFE9E-3650-4976-872E-5BB336CC1589}.Debug|Any CPU.ActiveCfg = Debug|Any CPU
		{A96FFE9E-3650-4976-872E-5BB336CC1589}.Debug|Any CPU.Build.0 = Debug|Any CPU
		{A96FFE9E-3650-4976-872E-5BB336CC1589}.Debug|Unix.ActiveCfg = Debug|Unix
		{A96FFE9E-3650-4976-872E-5BB336CC1589}.Debug|Unix.Build.0 = Debug|Unix
		{A96FFE9E-3650-4976-872E-5BB336CC1589}.Release|Any CPU.ActiveCfg = Release|Any CPU
		{A96FFE9E-3650-4976-872E-5BB336CC1589}.Release|Any CPU.Build.0 = Release|Any CPU
		{A96FFE9E-3650-4976-872E-5BB336CC1589}.Release|Unix.ActiveCfg = Release|Unix
		{A96FFE9E-3650-4976-872E-5BB336CC1589}.Release|Unix.Build.0 = Release|Unix
	EndGlobalSection
	GlobalSection(SolutionProperties) = preSolution
		HideSolutionNode = FALSE
	EndGlobalSection
EndGlobal
